// !$*UTF8*$!
{
	archiveVersion = 1;
	classes = {
	};
	objectVersion = 50;
	objects = {

/* Begin PBXBuildFile section */
		E5AB0198214FC13C005C7C56 /* AppDelegate.swift in Sources */ = {isa = PBXBuildFile; fileRef = E5AB0197214FC13C005C7C56 /* AppDelegate.swift */; };
		E5AB019A214FC13C005C7C56 /* ViewController.swift in Sources */ = {isa = PBXBuildFile; fileRef = E5AB0199214FC13C005C7C56 /* ViewController.swift */; };
		E5AB019D214FC13C005C7C56 /* Main.storyboard in Resources */ = {isa = PBXBuildFile; fileRef = E5AB019B214FC13C005C7C56 /* Main.storyboard */; };
		E5AB01A0214FC13C005C7C56 /* DigiMVA.xcdatamodeld in Sources */ = {isa = PBXBuildFile; fileRef = E5AB019E214FC13C005C7C56 /* DigiMVA.xcdatamodeld */; };
		E5AB01A2214FC144005C7C56 /* Assets.xcassets in Resources */ = {isa = PBXBuildFile; fileRef = E5AB01A1214FC144005C7C56 /* Assets.xcassets */; };
		E5AB01A5214FC144005C7C56 /* LaunchScreen.storyboard in Resources */ = {isa = PBXBuildFile; fileRef = E5AB01A3214FC144005C7C56 /* LaunchScreen.storyboard */; };
/* End PBXBuildFile section */

/* Begin PBXFileReference section */
		E5AB0194214FC13C005C7C56 /* DigiMVA.app */ = {isa = PBXFileReference; explicitFileType = wrapper.application; includeInIndex = 0; path = DigiMVA.app; sourceTree = BUILT_PRODUCTS_DIR; };
		E5AB0197214FC13C005C7C56 /* AppDelegate.swift */ = {isa = PBXFileReference; lastKnownFileType = sourcecode.swift; path = AppDelegate.swift; sourceTree = "<group>"; };
		E5AB0199214FC13C005C7C56 /* ViewController.swift */ = {isa = PBXFileReference; lastKnownFileType = sourcecode.swift; path = ViewController.swift; sourceTree = "<group>"; };
		E5AB019C214FC13C005C7C56 /* Base */ = {isa = PBXFileReference; lastKnownFileType = file.storyboard; name = Base; path = Base.lproj/Main.storyboard; sourceTree = "<group>"; };
		E5AB019F214FC13C005C7C56 /* DigiMVA.xcdatamodel */ = {isa = PBXFileReference; lastKnownFileType = wrapper.xcdatamodel; path = DigiMVA.xcdatamodel; sourceTree = "<group>"; };
		E5AB01A1214FC144005C7C56 /* Assets.xcassets */ = {isa = PBXFileReference; lastKnownFileType = folder.assetcatalog; path = Assets.xcassets; sourceTree = "<group>"; };
		E5AB01A4214FC144005C7C56 /* Base */ = {isa = PBXFileReference; lastKnownFileType = file.storyboard; name = Base; path = Base.lproj/LaunchScreen.storyboard; sourceTree = "<group>"; };
		E5AB01A6214FC144005C7C56 /* Info.plist */ = {isa = PBXFileReference; lastKnownFileType = text.plist.xml; path = Info.plist; sourceTree = "<group>"; };
/* End PBXFileReference section */

/* Begin PBXFrameworksBuildPhase section */
		E5AB0191214FC13C005C7C56 /* Frameworks */ = {
			isa = PBXFrameworksBuildPhase;
			buildActionMask = 2147483647;
			files = (
			);
			runOnlyForDeploymentPostprocessing = 0;
		};
/* End PBXFrameworksBuildPhase section */

/* Begin PBXGroup section */
		E5AB018B214FC13C005C7C56 = {
			isa = PBXGroup;
			children = (
				E5AB0196214FC13C005C7C56 /* DigiMVA */,
				E5AB0195214FC13C005C7C56 /* Products */,
			);
			sourceTree = "<group>";
		};
		E5AB0195214FC13C005C7C56 /* Products */ = {
			isa = PBXGroup;
			children = (
				E5AB0194214FC13C005C7C56 /* DigiMVA.app */,
			);
			name = Products;
			sourceTree = "<group>";
		};
		E5AB0196214FC13C005C7C56 /* DigiMVA */ = {
			isa = PBXGroup;
			children = (
				E5AB0197214FC13C005C7C56 /* AppDelegate.swift */,
				E5AB0199214FC13C005C7C56 /* ViewController.swift */,
				E5AB019B214FC13C005C7C56 /* Main.storyboard */,
				E5AB01A1214FC144005C7C56 /* Assets.xcassets */,
				E5AB01A3214FC144005C7C56 /* LaunchScreen.storyboard */,
				E5AB01A6214FC144005C7C56 /* Info.plist */,
				E5AB019E214FC13C005C7C56 /* DigiMVA.xcdatamodeld */,
			);
			path = DigiMVA;
			sourceTree = "<group>";
		};
/* End PBXGroup section */

/* Begin PBXNativeTarget section */
		E5AB0193214FC13C005C7C56 /* DigiMVA */ = {
			isa = PBXNativeTarget;
			buildConfigurationList = E5AB01A9214FC144005C7C56 /* Build configuration list for PBXNativeTarget "DigiMVA" */;
			buildPhases = (
				E5AB0190214FC13C005C7C56 /* Sources */,
				E5AB0191214FC13C005C7C56 /* Frameworks */,
				E5AB0192214FC13C005C7C56 /* Resources */,
			);
			buildRules = (
			);
			dependencies = (
			);
			name = DigiMVA;
			productName = DigiMVA;
			productReference = E5AB0194214FC13C005C7C56 /* DigiMVA.app */;
			productType = "com.apple.product-type.application";
		};
/* End PBXNativeTarget section */

/* Begin PBXProject section */
		E5AB018C214FC13C005C7C56 /* Project object */ = {
			isa = PBXProject;
			attributes = {
				LastSwiftUpdateCheck = 0940;
				LastUpgradeCheck = 0940;
				ORGANIZATIONNAME = DigiMVA;
				TargetAttributes = {
					E5AB0193214FC13C005C7C56 = {
						CreatedOnToolsVersion = 9.4.1;
					};
				};
			};
			buildConfigurationList = E5AB018F214FC13C005C7C56 /* Build configuration list for PBXProject "DigiMVA" */;
			compatibilityVersion = "Xcode 9.3";
			developmentRegion = en;
			hasScannedForEncodings = 0;
			knownRegions = (
				en,
				Base,
			);
			mainGroup = E5AB018B214FC13C005C7C56;
			productRefGroup = E5AB0195214FC13C005C7C56 /* Products */;
			projectDirPath = "";
			projectRoot = "";
			targets = (
				E5AB0193214FC13C005C7C56 /* DigiMVA */,
			);
		};
/* End PBXProject section */

/* Begin PBXResourcesBuildPhase section */
		E5AB0192214FC13C005C7C56 /* Resources */ = {
			isa = PBXResourcesBuildPhase;
			buildActionMask = 2147483647;
			files = (
				E5AB01A5214FC144005C7C56 /* LaunchScreen.storyboard in Resources */,
				E5AB01A2214FC144005C7C56 /* Assets.xcassets in Resources */,
				E5AB019D214FC13C005C7C56 /* Main.storyboard in Resources */,
			);
			runOnlyForDeploymentPostprocessing = 0;
		};
/* End PBXResourcesBuildPhase section */

/* Begin PBXSourcesBuildPhase section */
		E5AB0190214FC13C005C7C56 /* Sources */ = {
			isa = PBXSourcesBuildPhase;
			buildActionMask = 2147483647;
			files = (
				E5AB01A0214FC13C005C7C56 /* DigiMVA.xcdatamodeld in Sources */,
				E5AB019A214FC13C005C7C56 /* ViewController.swift in Sources */,
				E5AB0198214FC13C005C7C56 /* AppDelegate.swift in Sources */,
			);
			runOnlyForDeploymentPostprocessing = 0;
		};
/* End PBXSourcesBuildPhase section */

/* Begin PBXVariantGroup section */
		E5AB019B214FC13C005C7C56 /* Main.storyboard */ = {
			isa = PBXVariantGroup;
			children = (
				E5AB019C214FC13C005C7C56 /* Base */,
			);
			name = Main.storyboard;
			sourceTree = "<group>";
		};
		E5AB01A3214FC144005C7C56 /* LaunchScreen.storyboard */ = {
			isa = PBXVariantGroup;
			children = (
				E5AB01A4214FC144005C7C56 /* Base */,
			);
			name = LaunchScreen.storyboard;
			sourceTree = "<group>";
		};
/* End PBXVariantGroup section */

/* Begin XCBuildConfiguration section */
		E5AB01A7214FC144005C7C56 /* Debug */ = {
			isa = XCBuildConfiguration;
			buildSettings = {
				ALWAYS_SEARCH_USER_PATHS = NO;
				CLANG_ANALYZER_NONNULL = YES;
				CLANG_ANALYZER_NUMBER_OBJECT_CONVERSION = YES_AGGRESSIVE;
				CLANG_CXX_LANGUAGE_STANDARD = "gnu++14";
				CLANG_CXX_LIBRARY = "libc++";
				CLANG_ENABLE_MODULES = YES;
				CLANG_ENABLE_OBJC_ARC = YES;
				CLANG_ENABLE_OBJC_WEAK = YES;
				CLANG_WARN_BLOCK_CAPTURE_AUTORELEASING = YES;
				CLANG_WARN_BOOL_CONVERSION = YES;
				CLANG_WARN_COMMA = YES;
				CLANG_WARN_CONSTANT_CONVERSION = YES;
				CLANG_WARN_DEPRECATED_OBJC_IMPLEMENTATIONS = YES;
				CLANG_WARN_DIRECT_OBJC_ISA_USAGE = YES_ERROR;
				CLANG_WARN_DOCUMENTATION_COMMENTS = YES;
				CLANG_WARN_EMPTY_BODY = YES;
				CLANG_WARN_ENUM_CONVERSION = YES;
				CLANG_WARN_INFINITE_RECURSION = YES;
				CLANG_WARN_INT_CONVERSION = YES;
				CLANG_WARN_NON_LITERAL_NULL_CONVERSION = YES;
				CLANG_WARN_OBJC_IMPLICIT_RETAIN_SELF = YES;
				CLANG_WARN_OBJC_LITERAL_CONVERSION = YES;
				CLANG_WARN_OBJC_ROOT_CLASS = YES_ERROR;
				CLANG_WARN_RANGE_LOOP_ANALYSIS = YES;
				CLANG_WARN_STRICT_PROTOTYPES = YES;
				CLANG_WARN_SUSPICIOUS_MOVE = YES;
				CLANG_WARN_UNGUARDED_AVAILABILITY = YES_AGGRESSIVE;
				CLANG_WARN_UNREACHABLE_CODE = YES;
				CLANG_WARN__DUPLICATE_METHOD_MATCH = YES;
				CODE_SIGN_IDENTITY = "iPhone Developer";
				COPY_PHASE_STRIP = NO;
				DEBUG_INFORMATION_FORMAT = dwarf;
				ENABLE_STRICT_OBJC_MSGSEND = YES;
				ENABLE_TESTABILITY = YES;
				GCC_C_LANGUAGE_STANDARD = gnu11;
				GCC_DYNAMIC_NO_PIC = NO;
				GCC_NO_COMMON_BLOCKS = YES;
				GCC_OPTIMIZATION_LEVEL = 0;
				GCC_PREPROCESSOR_DEFINITIONS = (
					"DEBUG=1",
					"$(inherited)",
				);
				GCC_WARN_64_TO_32_BIT_CONVERSION = YES;
				GCC_WARN_ABOUT_RETURN_TYPE = YES_ERROR;
				GCC_WARN_UNDECLARED_SELECTOR = YES;
				GCC_WARN_UNINITIALIZED_AUTOS = YES_AGGRESSIVE;
				GCC_WARN_UNUSED_FUNCTION = YES;
				GCC_WARN_UNUSED_VARIABLE = YES;
				IPHONEOS_DEPLOYMENT_TARGET = 11.4;
				MTL_ENABLE_DEBUG_INFO = YES;
				ONLY_ACTIVE_ARCH = YES;
				SDKROOT = iphoneos;
				SWIFT_ACTIVE_COMPILATION_CONDITIONS = DEBUG;
				SWIFT_OPTIMIZATION_LEVEL = "-Onone";
			};
			name = Debug;
		};
		E5AB01A8214FC144005C7C56 /* Release */ = {
			isa = XCBuildConfiguration;
			buildSettings = {
				ALWAYS_SEARCH_USER_PATHS = NO;
				CLANG_ANALYZER_NONNULL = YES;
				CLANG_ANALYZER_NUMBER_OBJECT_CONVERSION = YES_AGGRESSIVE;
				CLANG_CXX_LANGUAGE_STANDARD = "gnu++14";
				CLANG_CXX_LIBRARY = "libc++";
				CLANG_ENABLE_MODULES = YES;
				CLANG_ENABLE_OBJC_ARC = YES;
				CLANG_ENABLE_OBJC_WEAK = YES;
				CLANG_WARN_BLOCK_CAPTURE_AUTORELEASING = YES;
				CLANG_WARN_BOOL_CONVERSION = YES;
				CLANG_WARN_COMMA = YES;
				CLANG_WARN_CONSTANT_CONVERSION = YES;
				CLANG_WARN_DEPRECATED_OBJC_IMPLEMENTATIONS = YES;
				CLANG_WARN_DIRECT_OBJC_ISA_USAGE = YES_ERROR;
				CLANG_WARN_DOCUMENTATION_COMMENTS = YES;
				CLANG_WARN_EMPTY_BODY = YES;
				CLANG_WARN_ENUM_CONVERSION = YES;
				CLANG_WARN_INFINITE_RECURSION = YES;
				CLANG_WARN_INT_CONVERSION = YES;
				CLANG_WARN_NON_LITERAL_NULL_CONVERSION = YES;
				CLANG_WARN_OBJC_IMPLICIT_RETAIN_SELF = YES;
				CLANG_WARN_OBJC_LITERAL_CONVERSION = YES;
				CLANG_WARN_OBJC_ROOT_CLASS = YES_ERROR;
				CLANG_WARN_RANGE_LOOP_ANALYSIS = YES;
				CLANG_WARN_STRICT_PROTOTYPES = YES;
				CLANG_WARN_SUSPICIOUS_MOVE = YES;
				CLANG_WARN_UNGUARDED_AVAILABILITY = YES_AGGRESSIVE;
				CLANG_WARN_UNREACHABLE_CODE = YES;
				CLANG_WARN__DUPLICATE_METHOD_MATCH = YES;
				CODE_SIGN_IDENTITY = "iPhone Developer";
				COPY_PHASE_STRIP = NO;
				DEBUG_INFORMATION_FORMAT = "dwarf-with-dsym";
				ENABLE_NS_ASSERTIONS = NO;
				ENABLE_STRICT_OBJC_MSGSEND = YES;
				GCC_C_LANGUAGE_STANDARD = gnu11;
				GCC_NO_COMMON_BLOCKS = YES;
				GCC_WARN_64_TO_32_BIT_CONVERSION = YES;
				GCC_WARN_ABOUT_RETURN_TYPE = YES_ERROR;
				GCC_WARN_UNDECLARED_SELECTOR = YES;
				GCC_WARN_UNINITIALIZED_AUTOS = YES_AGGRESSIVE;
				GCC_WARN_UNUSED_FUNCTION = YES;
				GCC_WARN_UNUSED_VARIABLE = YES;
				IPHONEOS_DEPLOYMENT_TARGET = 11.4;
				MTL_ENABLE_DEBUG_INFO = NO;
				SDKROOT = iphoneos;
				SWIFT_COMPILATION_MODE = wholemodule;
				SWIFT_OPTIMIZATION_LEVEL = "-O";
				VALIDATE_PRODUCT = YES;
			};
			name = Release;
		};
		E5AB01AA214FC144005C7C56 /* Debug */ = {
			isa = XCBuildConfiguration;
			buildSettings = {
				ASSETCATALOG_COMPILER_APPICON_NAME = AppIcon;
				CODE_SIGN_STYLE = Automatic;
				INFOPLIST_FILE = DigiMVA/Info.plist;
				LD_RUNPATH_SEARCH_PATHS = (
					"$(inherited)",
					"@executable_path/Frameworks",
				);
				PRODUCT_BUNDLE_IDENTIFIER = com.MVA.DigiMVA;
				PRODUCT_NAME = "$(TARGET_NAME)";
				SWIFT_VERSION = 4.0;
				TARGETED_DEVICE_FAMILY = "1,2";
			};
			name = Debug;
		};
		E5AB01AB214FC144005C7C56 /* Release */ = {
			isa = XCBuildConfiguration;
			buildSettings = {
				ASSETCATALOG_COMPILER_APPICON_NAME = AppIcon;
				CODE_SIGN_STYLE = Automatic;
				INFOPLIST_FILE = DigiMVA/Info.plist;
				LD_RUNPATH_SEARCH_PATHS = (
					"$(inherited)",
					"@executable_path/Frameworks",
				);
				PRODUCT_BUNDLE_IDENTIFIER = com.MVA.DigiMVA;
				PRODUCT_NAME = "$(TARGET_NAME)";
				SWIFT_VERSION = 4.0;
				TARGETED_DEVICE_FAMILY = "1,2";
			};
			name = Release;
		};
/* End XCBuildConfiguration section */

/* Begin XCConfigurationList section */
		E5AB018F214FC13C005C7C56 /* Build configuration list for PBXProject "DigiMVA" */ = {
			isa = XCConfigurationList;
			buildConfigurations = (
				E5AB01A7214FC144005C7C56 /* Debug */,
				E5AB01A8214FC144005C7C56 /* Release */,
			);
			defaultConfigurationIsVisible = 0;
			defaultConfigurationName = Release;
		};
		E5AB01A9214FC144005C7C56 /* Build configuration list for PBXNativeTarget "DigiMVA" */ = {
			isa = XCConfigurationList;
			buildConfigurations = (
				E5AB01AA214FC144005C7C56 /* Debug */,
				E5AB01AB214FC144005C7C56 /* Release */,
			);
			defaultConfigurationIsVisible = 0;
			defaultConfigurationName = Release;
		};
/* End XCConfigurationList section */

/* Begin XCVersionGroup section */
		E5AB019E214FC13C005C7C56 /* DigiMVA.xcdatamodeld */ = {
			isa = XCVersionGroup;
			children = (
				E5AB019F214FC13C005C7C56 /* DigiMVA.xcdatamodel */,
			);
			currentVersion = E5AB019F214FC13C005C7C56 /* DigiMVA.xcdatamodel */;
			path = DigiMVA.xcdatamodeld;
			sourceTree = "<group>";
			versionGroupType = wrapper.xcdatamodel;
		};
/* End XCVersionGroup section */
	};
	rootObject = E5AB018C214FC13C005C7C56 /* Project object */;
}
